
Microsoft Visual Studio Solution File, Format Version 12.00
# Visual Studio 15
Project("{FAE04EC0-301F-11D3-BF4B-00C04F79EFBC}") = "Assembly-CSharp", "Assembly-CSharp.csproj", "{B564839F-6168-4668-C1D1-D40CDBE9CF1C}"
EndProject
Project("{FAE04EC0-301F-11D3-BF4B-00C04F79EFBC}") = "Unity.XR.Interaction.Toolkit.Samples.DeviceSimulator", "Unity.XR.Interaction.Toolkit.Samples.DeviceSimulator.csproj", "{3C3FFCEF-2B16-BFFB-22B0-75D7846796A5}"
EndProject
Project("{FAE04EC0-301F-11D3-BF4B-00C04F79EFBC}") = "Unity.XR.Interaction.Toolkit.Samples.StarterAssets", "Unity.XR.Interaction.Toolkit.Samples.StarterAssets.csproj", "{E65ABD9B-1B14-AD0A-97E0-9AABA11C0669}"
EndProject
Project("{FAE04EC0-301F-11D3-BF4B-00C04F79EFBC}") = "Unity.XR.Interaction.Toolkit.Samples.StarterAssets.Editor", "Unity.XR.Interaction.Toolkit.Samples.StarterAssets.Editor.csproj", "{48807EA4-040C-AD88-E383-92E164D81F03}"
EndProject
Project("{FAE04EC0-301F-11D3-BF4B-00C04F79EFBC}") = "Unity.XR.Interaction.Toolkit.Samples.Hands", "Unity.XR.Interaction.Toolkit.Samples.Hands.csproj", "{36E388E6-9F70-25CA-638F-E10BA671CDBF}"
EndProject
Project("{FAE04EC0-301F-11D3-BF4B-00C04F79EFBC}") = "Unity.ProBuilder.Examples.Editor", "Unity.ProBuilder.Examples.Editor.csproj", "{A5970499-CA21-AC44-BDEE-BC35D3BB0F0F}"
EndProject
Project("{FAE04EC0-301F-11D3-BF4B-00C04F79EFBC}") = "Unity.XR.Hands.Samples.VisualizerSample", "Unity.XR.Hands.Samples.VisualizerSample.csproj", "{CEE920F3-C356-E197-98D4-073CA58AC2BD}"
EndProject
Project("{FAE04EC0-301F-11D3-BF4B-00C04F79EFBC}") = "Unity.XR.Interaction.Toolkit.Samples.Hands.Editor", "Unity.XR.Interaction.Toolkit.Samples.Hands.Editor.csproj", "{A7AD44B3-CBBE-F382-DDDF-12164C5B7003}"
EndProject
Global
	GlobalSection(SolutionConfigurationPlatforms) = preSolution
		Debug|Any CPU = Debug|Any CPU
		Release|Any CPU = Release|Any CPU
	EndGlobalSection
	GlobalSection(ProjectConfigurationPlatforms) = postSolution
		{B564839F-6168-4668-C1D1-D40CDBE9CF1C}.Debug|Any CPU.ActiveCfg = Debug|Any CPU
		{B564839F-6168-4668-C1D1-D40CDBE9CF1C}.Debug|Any CPU.Build.0 = Debug|Any CPU
		{B564839F-6168-4668-C1D1-D40CDBE9CF1C}.Release|Any CPU.ActiveCfg = Release|Any CPU
		{B564839F-6168-4668-C1D1-D40CDBE9CF1C}.Release|Any CPU.Build.0 = Release|Any CPU
		{3C3FFCEF-2B16-BFFB-22B0-75D7846796A5}.Debug|Any CPU.ActiveCfg = Debug|Any CPU
		{3C3FFCEF-2B16-BFFB-22B0-75D7846796A5}.Debug|Any CPU.Build.0 = Debug|Any CPU
		{3C3FFCEF-2B16-BFFB-22B0-75D7846796A5}.Release|Any CPU.ActiveCfg = Release|Any CPU
		{3C3FFCEF-2B16-BFFB-22B0-75D7846796A5}.Release|Any CPU.Build.0 = Release|Any CPU
		{E65ABD9B-1B14-AD0A-97E0-9AABA11C0669}.Debug|Any CPU.ActiveCfg = Debug|Any CPU
		{E65ABD9B-1B14-AD0A-97E0-9AABA11C0669}.Debug|Any CPU.Build.0 = Debug|Any CPU
		{E65ABD9B-1B14-AD0A-97E0-9AABA11C0669}.Release|Any CPU.ActiveCfg = Release|Any CPU
		{E65ABD9B-1B14-AD0A-97E0-9AABA11C0669}.Release|Any CPU.Build.0 = Release|Any CPU
		{48807EA4-040C-AD88-E383-92E164D81F03}.Debug|Any CPU.ActiveCfg = Debug|Any CPU
		{48807EA4-040C-AD88-E383-92E164D81F03}.Debug|Any CPU.Build.0 = Debug|Any CPU
		{48807EA4-040C-AD88-E383-92E164D81F03}.Release|Any CPU.ActiveCfg = Release|Any CPU
		{48807EA4-040C-AD88-E383-92E164D81F03}.Release|Any CPU.Build.0 = Release|Any CPU
		{36E388E6-9F70-25CA-638F-E10BA671CDBF}.Debug|Any CPU.ActiveCfg = Debug|Any CPU
		{36E388E6-9F70-25CA-638F-E10BA671CDBF}.Debug|Any CPU.Build.0 = Debug|Any CPU
		{36E388E6-9F70-25CA-638F-E10BA671CDBF}.Release|Any CPU.ActiveCfg = Release|Any CPU
		{36E388E6-9F70-25CA-638F-E10BA671CDBF}.Release|Any CPU.Build.0 = Release|Any CPU
		{A5970499-CA21-AC44-BDEE-BC35D3BB0F0F}.Debug|Any CPU.ActiveCfg = Debug|Any CPU
		{A5970499-CA21-AC44-BDEE-BC35D3BB0F0F}.Debug|Any CPU.Build.0 = Debug|Any CPU
		{A5970499-CA21-AC44-BDEE-BC35D3BB0F0F}.Release|Any CPU.ActiveCfg = Release|Any CPU
		{A5970499-CA21-AC44-BDEE-BC35D3BB0F0F}.Release|Any CPU.Build.0 = Release|Any CPU
		{CEE920F3-C356-E197-98D4-073CA58AC2BD}.Debug|Any CPU.ActiveCfg = Debug|Any CPU
		{CEE920F3-C356-E197-98D4-073CA58AC2BD}.Debug|Any CPU.Build.0 = Debug|Any CPU
		{CEE920F3-C356-E197-98D4-073CA58AC2BD}.Release|Any CPU.ActiveCfg = Release|Any CPU
		{CEE920F3-C356-E197-98D4-073CA58AC2BD}.Release|Any CPU.Build.0 = Release|Any CPU
		{A7AD44B3-CBBE-F382-DDDF-12164C5B7003}.Debug|Any CPU.ActiveCfg = Debug|Any CPU
		{A7AD44B3-CBBE-F382-DDDF-12164C5B7003}.Debug|Any CPU.Build.0 = Debug|Any CPU
		{A7AD44B3-CBBE-F382-DDDF-12164C5B7003}.Release|Any CPU.ActiveCfg = Release|Any CPU
		{A7AD44B3-CBBE-F382-DDDF-12164C5B7003}.Release|Any CPU.Build.0 = Release|Any CPU
	EndGlobalSection
	GlobalSection(SolutionProperties) = preSolution
		HideSolutionNode = FALSE
	EndGlobalSection
EndGlobal
